
Microsoft Visual Studio Solution File, Format Version 12.00
# Visual Studio Version 17
VisualStudioVersion = 17.7.33913.275
MinimumVisualStudioVersion = 10.0.40219.1
Project("{8BC9CEB8-8B4A-11D0-8D11-00A0C91BC942}") = "Linux第二天", "Linux第二天\Linux第二天.vcxproj", "{389290EE-F5BB-4907-A9A0-021A7C828E96}"
EndProject
Global
	GlobalSection(SolutionConfigurationPlatforms) = preSolution
		Debug|x64 = Debug|x64
		Debug|x86 = Debug|x86
		Release|x64 = Release|x64
		Release|x86 = Release|x86
	EndGlobalSection
	GlobalSection(ProjectConfigurationPlatforms) = postSolution
		{389290EE-F5BB-4907-A9A0-021A7C828E96}.Debug|x64.ActiveCfg = Debug|x64
		{389290EE-F5BB-4907-A9A0-021A7C828E96}.Debug|x64.Build.0 = Debug|x64
		{389290EE-F5BB-4907-A9A0-021A7C828E96}.Debug|x86.ActiveCfg = Debug|Win32
		{389290EE-F5BB-4907-A9A0-021A7C828E96}.Debug|x86.Build.0 = Debug|Win32
		{389290EE-F5BB-4907-A9A0-021A7C828E96}.Release|x64.ActiveCfg = Release|x64
		{389290EE-F5BB-4907-A9A0-021A7C828E96}.Release|x64.Build.0 = Release|x64
		{389290EE-F5BB-4907-A9A0-021A7C828E96}.Release|x86.ActiveCfg = Release|Win32
		{389290EE-F5BB-4907-A9A0-021A7C828E96}.Release|x86.Build.0 = Release|Win32
	EndGlobalSection
	GlobalSection(SolutionProperties) = preSolution
		HideSolutionNode = FALSE
	EndGlobalSection
	GlobalSection(ExtensibilityGlobals) = postSolution
		SolutionGuid = {7AB162B4-C5A1-4813-954F-A08ECE1EDD6B}
	EndGlobalSection
EndGlobal
