
Microsoft Visual Studio Solution File, Format Version 12.00
# Visual Studio Version 17
VisualStudioVersion = 17.7.33913.275
MinimumVisualStudioVersion = 10.0.40219.1
Project("{8BC9CEB8-8B4A-11D0-8D11-00A0C91BC942}") = "第三天", "第三天\第三天.vcxproj", "{86905284-99D4-4469-B7D4-582671F7FB0B}"
EndProject
Global
	GlobalSection(SolutionConfigurationPlatforms) = preSolution
		Debug|x64 = Debug|x64
		Debug|x86 = Debug|x86
		Release|x64 = Release|x64
		Release|x86 = Release|x86
	EndGlobalSection
	GlobalSection(ProjectConfigurationPlatforms) = postSolution
		{86905284-99D4-4469-B7D4-582671F7FB0B}.Debug|x64.ActiveCfg = Debug|x64
		{86905284-99D4-4469-B7D4-582671F7FB0B}.Debug|x64.Build.0 = Debug|x64
		{86905284-99D4-4469-B7D4-582671F7FB0B}.Debug|x86.ActiveCfg = Debug|Win32
		{86905284-99D4-4469-B7D4-582671F7FB0B}.Debug|x86.Build.0 = Debug|Win32
		{86905284-99D4-4469-B7D4-582671F7FB0B}.Release|x64.ActiveCfg = Release|x64
		{86905284-99D4-4469-B7D4-582671F7FB0B}.Release|x64.Build.0 = Release|x64
		{86905284-99D4-4469-B7D4-582671F7FB0B}.Release|x86.ActiveCfg = Release|Win32
		{86905284-99D4-4469-B7D4-582671F7FB0B}.Release|x86.Build.0 = Release|Win32
	EndGlobalSection
	GlobalSection(SolutionProperties) = preSolution
		HideSolutionNode = FALSE
	EndGlobalSection
	GlobalSection(ExtensibilityGlobals) = postSolution
		SolutionGuid = {3917EEFB-C21F-494C-A634-164796E327EC}
	EndGlobalSection
EndGlobal
