
Microsoft Visual Studio Solution File, Format Version 12.00
# Visual Studio Version 17
VisualStudioVersion = 17.7.33913.275
MinimumVisualStudioVersion = 10.0.40219.1
Project("{8BC9CEB8-8B4A-11D0-8D11-00A0C91BC942}") = "数据结构OJ（3）", "数据结构OJ（3）\数据结构OJ（3）.vcxproj", "{42301305-6EFB-41D6-B1CC-83210A119E5C}"
EndProject
Global
	GlobalSection(SolutionConfigurationPlatforms) = preSolution
		Debug|x64 = Debug|x64
		Debug|x86 = Debug|x86
		Release|x64 = Release|x64
		Release|x86 = Release|x86
	EndGlobalSection
	GlobalSection(ProjectConfigurationPlatforms) = postSolution
		{42301305-6EFB-41D6-B1CC-83210A119E5C}.Debug|x64.ActiveCfg = Debug|x64
		{42301305-6EFB-41D6-B1CC-83210A119E5C}.Debug|x64.Build.0 = Debug|x64
		{42301305-6EFB-41D6-B1CC-83210A119E5C}.Debug|x86.ActiveCfg = Debug|Win32
		{42301305-6EFB-41D6-B1CC-83210A119E5C}.Debug|x86.Build.0 = Debug|Win32
		{42301305-6EFB-41D6-B1CC-83210A119E5C}.Release|x64.ActiveCfg = Release|x64
		{42301305-6EFB-41D6-B1CC-83210A119E5C}.Release|x64.Build.0 = Release|x64
		{42301305-6EFB-41D6-B1CC-83210A119E5C}.Release|x86.ActiveCfg = Release|Win32
		{42301305-6EFB-41D6-B1CC-83210A119E5C}.Release|x86.Build.0 = Release|Win32
	EndGlobalSection
	GlobalSection(SolutionProperties) = preSolution
		HideSolutionNode = FALSE
	EndGlobalSection
	GlobalSection(ExtensibilityGlobals) = postSolution
		SolutionGuid = {FDA725A3-D08C-4765-8F3B-1EE3E81B7B4A}
	EndGlobalSection
EndGlobal
