
Microsoft Visual Studio Solution File, Format Version 12.00
# Visual Studio Version 17
VisualStudioVersion = 17.7.33913.275
MinimumVisualStudioVersion = 10.0.40219.1
Project("{8BC9CEB8-8B4A-11D0-8D11-00A0C91BC942}") = "第四天", "第四天\第四天.vcxproj", "{5FF78C0D-203A-4299-84E4-7C6B6015D212}"
EndProject
Global
	GlobalSection(SolutionConfigurationPlatforms) = preSolution
		Debug|x64 = Debug|x64
		Debug|x86 = Debug|x86
		Release|x64 = Release|x64
		Release|x86 = Release|x86
	EndGlobalSection
	GlobalSection(ProjectConfigurationPlatforms) = postSolution
		{5FF78C0D-203A-4299-84E4-7C6B6015D212}.Debug|x64.ActiveCfg = Debug|x64
		{5FF78C0D-203A-4299-84E4-7C6B6015D212}.Debug|x64.Build.0 = Debug|x64
		{5FF78C0D-203A-4299-84E4-7C6B6015D212}.Debug|x86.ActiveCfg = Debug|Win32
		{5FF78C0D-203A-4299-84E4-7C6B6015D212}.Debug|x86.Build.0 = Debug|Win32
		{5FF78C0D-203A-4299-84E4-7C6B6015D212}.Release|x64.ActiveCfg = Release|x64
		{5FF78C0D-203A-4299-84E4-7C6B6015D212}.Release|x64.Build.0 = Release|x64
		{5FF78C0D-203A-4299-84E4-7C6B6015D212}.Release|x86.ActiveCfg = Release|Win32
		{5FF78C0D-203A-4299-84E4-7C6B6015D212}.Release|x86.Build.0 = Release|Win32
	EndGlobalSection
	GlobalSection(SolutionProperties) = preSolution
		HideSolutionNode = FALSE
	EndGlobalSection
	GlobalSection(ExtensibilityGlobals) = postSolution
		SolutionGuid = {A93381B1-9CE2-4D33-B74B-0AAC62A31B67}
	EndGlobalSection
EndGlobal
